
Microsoft Visual Studio Solution File, Format Version 12.00
# Visual Studio Version 16
VisualStudioVersion = 16.0.31112.23
MinimumVisualStudioVersion = 10.0.40219.1
Project("{FAE04EC0-301F-11D3-BF4B-00C04F79EFBC}") = "ComClient", "ComClient\ComClient.csproj", "{AE7EA248-2A11-446F-8ECF-DE862BE284BD}"
EndProject
Project("{FAE04EC0-301F-11D3-BF4B-00C04F79EFBC}") = "ComServer", "ComServer\ComServer.csproj", "{0D46FEA2-76C9-4EBB-96C4-86A237487EE5}"
EndProject
Global
	GlobalSection(SolutionConfigurationPlatforms) = preSolution
		Debug|Any CPU = Debug|Any CPU
		Release|Any CPU = Release|Any CPU
	EndGlobalSection
	GlobalSection(ProjectConfigurationPlatforms) = postSolution
		{AE7EA248-2A11-446F-8ECF-DE862BE284BD}.Debug|Any CPU.ActiveCfg = Debug|Any CPU
		{AE7EA248-2A11-446F-8ECF-DE862BE284BD}.Debug|Any CPU.Build.0 = Debug|Any CPU
		{AE7EA248-2A11-446F-8ECF-DE862BE284BD}.Release|Any CPU.ActiveCfg = Release|Any CPU
		{AE7EA248-2A11-446F-8ECF-DE862BE284BD}.Release|Any CPU.Build.0 = Release|Any CPU
		{0D46FEA2-76C9-4EBB-96C4-86A237487EE5}.Debug|Any CPU.ActiveCfg = Debug|Any CPU
		{0D46FEA2-76C9-4EBB-96C4-86A237487EE5}.Debug|Any CPU.Build.0 = Debug|Any CPU
		{0D46FEA2-76C9-4EBB-96C4-86A237487EE5}.Release|Any CPU.ActiveCfg = Release|Any CPU
		{0D46FEA2-76C9-4EBB-96C4-86A237487EE5}.Release|Any CPU.Build.0 = Release|Any CPU
	EndGlobalSection
	GlobalSection(SolutionProperties) = preSolution
		HideSolutionNode = FALSE
	EndGlobalSection
	GlobalSection(ExtensibilityGlobals) = postSolution
		SolutionGuid = {EEDD1A72-D456-4AE7-9476-AB69E42CB1F5}
	EndGlobalSection
EndGlobal
