
Microsoft Visual Studio Solution File, Format Version 12.00
# Visual Studio Version 16
VisualStudioVersion = 16.0.31112.23
MinimumVisualStudioVersion = 10.0.40219.1
Project("{FAE04EC0-301F-11D3-BF4B-00C04F79EFBC}") = "myLibrary", "myLibrary\myLibrary.csproj", "{B8B191E1-50D9-498F-8260-66B836F644EE}"
EndProject
Global
	GlobalSection(SolutionConfigurationPlatforms) = preSolution
		Debug|Any CPU = Debug|Any CPU
		Release|Any CPU = Release|Any CPU
	EndGlobalSection
	GlobalSection(ProjectConfigurationPlatforms) = postSolution
		{B8B191E1-50D9-498F-8260-66B836F644EE}.Debug|Any CPU.ActiveCfg = Debug|Any CPU
		{B8B191E1-50D9-498F-8260-66B836F644EE}.Debug|Any CPU.Build.0 = Debug|Any CPU
		{B8B191E1-50D9-498F-8260-66B836F644EE}.Release|Any CPU.ActiveCfg = Release|Any CPU
		{B8B191E1-50D9-498F-8260-66B836F644EE}.Release|Any CPU.Build.0 = Release|Any CPU
	EndGlobalSection
	GlobalSection(SolutionProperties) = preSolution
		HideSolutionNode = FALSE
	EndGlobalSection
	GlobalSection(ExtensibilityGlobals) = postSolution
		SolutionGuid = {D5E417A6-EC2C-44E3-8FAC-E6F9F6E360AD}
	EndGlobalSection
EndGlobal
